
Microsoft Visual Studio Solution File, Format Version 12.00
# Visual Studio Version 16
VisualStudioVersion = 16.0.31205.134
MinimumVisualStudioVersion = 10.0.40219.1
Project("{FAE04EC0-301F-11D3-BF4B-00C04F79EFBC}") = "OnlineStockDemo", "OnlineStockDemo\OnlineStockDemo.csproj", "{3E8C2D41-6A43-4203-A25A-16A6161FD989}"
EndProject
Global
	GlobalSection(SolutionConfigurationPlatforms) = preSolution
		Debug|Any CPU = Debug|Any CPU
		Release|Any CPU = Release|Any CPU
	EndGlobalSection
	GlobalSection(ProjectConfigurationPlatforms) = postSolution
		{3E8C2D41-6A43-4203-A25A-16A6161FD989}.Debug|Any CPU.ActiveCfg = Debug|Any CPU
		{3E8C2D41-6A43-4203-A25A-16A6161FD989}.Debug|Any CPU.Build.0 = Debug|Any CPU
		{3E8C2D41-6A43-4203-A25A-16A6161FD989}.Release|Any CPU.ActiveCfg = Release|Any CPU
		{3E8C2D41-6A43-4203-A25A-16A6161FD989}.Release|Any CPU.Build.0 = Release|Any CPU
	EndGlobalSection
	GlobalSection(SolutionProperties) = preSolution
		HideSolutionNode = FALSE
	EndGlobalSection
	GlobalSection(ExtensibilityGlobals) = postSolution
		SolutionGuid = {1EE28080-87C0-48FC-815D-3B496E90F809}
	EndGlobalSection
EndGlobal
