
Microsoft Visual Studio Solution File, Format Version 12.00
# Visual Studio Version 16
VisualStudioVersion = 16.0.31205.134
MinimumVisualStudioVersion = 10.0.40219.1
Project("{FAE04EC0-301F-11D3-BF4B-00C04F79EFBC}") = "ClassAdapterDemo", "ClassAdapterDemo\ClassAdapterDemo.csproj", "{536BF881-DC42-447C-A1DE-64C162F7F875}"
EndProject
Global
	GlobalSection(SolutionConfigurationPlatforms) = preSolution
		Debug|Any CPU = Debug|Any CPU
		Release|Any CPU = Release|Any CPU
	EndGlobalSection
	GlobalSection(ProjectConfigurationPlatforms) = postSolution
		{536BF881-DC42-447C-A1DE-64C162F7F875}.Debug|Any CPU.ActiveCfg = Debug|Any CPU
		{536BF881-DC42-447C-A1DE-64C162F7F875}.Debug|Any CPU.Build.0 = Debug|Any CPU
		{536BF881-DC42-447C-A1DE-64C162F7F875}.Release|Any CPU.ActiveCfg = Release|Any CPU
		{536BF881-DC42-447C-A1DE-64C162F7F875}.Release|Any CPU.Build.0 = Release|Any CPU
	EndGlobalSection
	GlobalSection(SolutionProperties) = preSolution
		HideSolutionNode = FALSE
	EndGlobalSection
	GlobalSection(ExtensibilityGlobals) = postSolution
		SolutionGuid = {2CCEDA6E-2204-497D-8226-F5B51BD91191}
	EndGlobalSection
EndGlobal
